
Microsoft Visual Studio Solution File, Format Version 12.00
# Visual Studio Version 16
VisualStudioVersion = 16.0.29519.87
MinimumVisualStudioVersion = 10.0.40219.1
Project("{FAE04EC0-301F-11D3-BF4B-00C04F79EFBC}") = "Lab12-UML_Diagram", "Lab12-UML_Diagram\Lab12-UML_Diagram.csproj", "{9BF92CEC-D1BD-4186-8C5A-BC5042185DEC}"
EndProject
Global
	GlobalSection(SolutionConfigurationPlatforms) = preSolution
		Debug|Any CPU = Debug|Any CPU
		Release|Any CPU = Release|Any CPU
	EndGlobalSection
	GlobalSection(ProjectConfigurationPlatforms) = postSolution
		{9BF92CEC-D1BD-4186-8C5A-BC5042185DEC}.Debug|Any CPU.ActiveCfg = Debug|Any CPU
		{9BF92CEC-D1BD-4186-8C5A-BC5042185DEC}.Debug|Any CPU.Build.0 = Debug|Any CPU
		{9BF92CEC-D1BD-4186-8C5A-BC5042185DEC}.Release|Any CPU.ActiveCfg = Release|Any CPU
		{9BF92CEC-D1BD-4186-8C5A-BC5042185DEC}.Release|Any CPU.Build.0 = Release|Any CPU
	EndGlobalSection
	GlobalSection(SolutionProperties) = preSolution
		HideSolutionNode = FALSE
	EndGlobalSection
	GlobalSection(ExtensibilityGlobals) = postSolution
		SolutionGuid = {890E4EC6-40B4-4279-83E4-B83D5D5A9BEB}
	EndGlobalSection
EndGlobal
